// !$*UTF8*$!
{
	archiveVersion = 1;
	classes = {
	};
	objectVersion = 56;
	objects = {

/* Begin PBXBuildFile section */
		F432A5D52D0B3EA5007FF308 /* RestManager.swift in Sources */ = {isa = PBXBuildFile; fileRef = F432A5D42D0B3EA5007FF308 /* RestManager.swift */; };
		F432A5D72D0B4166007FF308 /* Login.swift in Sources */ = {isa = PBXBuildFile; fileRef = F432A5D62D0B4166007FF308 /* Login.swift */; };
		F4334AB82CF9F8EB00D7C755 /* GenericBottomSheet.swift in Sources */ = {isa = PBXBuildFile; fileRef = F4334AB72CF9F8EB00D7C755 /* GenericBottomSheet.swift */; };
		F49946BA2CF2070E008A5E83 /* AppDelegate.swift in Sources */ = {isa = PBXBuildFile; fileRef = F49946B92CF2070E008A5E83 /* AppDelegate.swift */; };
		F49946BC2CF2070E008A5E83 /* SceneDelegate.swift in Sources */ = {isa = PBXBuildFile; fileRef = F49946BB2CF2070E008A5E83 /* SceneDelegate.swift */; };
		F49946BE2CF2070E008A5E83 /* ViewController.swift in Sources */ = {isa = PBXBuildFile; fileRef = F49946BD2CF2070E008A5E83 /* ViewController.swift */; };
		F49946C12CF2070E008A5E83 /* Base in Resources */ = {isa = PBXBuildFile; fileRef = F49946C02CF2070E008A5E83 /* Base */; };
		F49946C32CF2070F008A5E83 /* Assets.xcassets in Resources */ = {isa = PBXBuildFile; fileRef = F49946C22CF2070F008A5E83 /* Assets.xcassets */; };
		F49946C62CF2070F008A5E83 /* Base in Resources */ = {isa = PBXBuildFile; fileRef = F49946C52CF2070F008A5E83 /* Base */; };
		F49946CE2CF21384008A5E83 /* HomeViewController.swift in Sources */ = {isa = PBXBuildFile; fileRef = F49946CD2CF21384008A5E83 /* HomeViewController.swift */; };
		F49946D22CF219CF008A5E83 /* MainViewModel.swift in Sources */ = {isa = PBXBuildFile; fileRef = F49946D12CF219CF008A5E83 /* MainViewModel.swift */; };
		F49946D52CF21C6C008A5E83 /* NetworkClient.swift in Sources */ = {isa = PBXBuildFile; fileRef = F49946D42CF21C6B008A5E83 /* NetworkClient.swift */; };
		F49946D82CF21CBA008A5E83 /* AuthResponse.swift in Sources */ = {isa = PBXBuildFile; fileRef = F49946D72CF21CBA008A5E83 /* AuthResponse.swift */; };
		F49946DB2CF38160008A5E83 /* SecureStorage.swift in Sources */ = {isa = PBXBuildFile; fileRef = F49946DA2CF38160008A5E83 /* SecureStorage.swift */; };
		F49946DE2CF381B4008A5E83 /* KeychainManager.swift in Sources */ = {isa = PBXBuildFile; fileRef = F49946DD2CF381B4008A5E83 /* KeychainManager.swift */; };
		F49946E02CF3884A008A5E83 /* ProtectedRouteResponse.swift in Sources */ = {isa = PBXBuildFile; fileRef = F49946DF2CF3884A008A5E83 /* ProtectedRouteResponse.swift */; };
		F49946E22CF39AA4008A5E83 /* RefleshTokenResponse.swift in Sources */ = {isa = PBXBuildFile; fileRef = F49946E12CF39AA4008A5E83 /* RefleshTokenResponse.swift */; };
		F4BE97352D0DD7620045860F /* DetailsScreenViewController.swift in Sources */ = {isa = PBXBuildFile; fileRef = F4BE97342D0DD7620045860F /* DetailsScreenViewController.swift */; };
		F4BE97382D0DDEB10045860F /* NotificationCenter+Extensions.swift in Sources */ = {isa = PBXBuildFile; fileRef = F4BE97372D0DDEB10045860F /* NotificationCenter+Extensions.swift */; };
/* End PBXBuildFile section */

/* Begin PBXFileReference section */
		F432A5D42D0B3EA5007FF308 /* RestManager.swift */ = {isa = PBXFileReference; lastKnownFileType = sourcecode.swift; path = RestManager.swift; sourceTree = "<group>"; };
		F432A5D62D0B4166007FF308 /* Login.swift */ = {isa = PBXFileReference; lastKnownFileType = sourcecode.swift; path = Login.swift; sourceTree = "<group>"; };
		F4334AB72CF9F8EB00D7C755 /* GenericBottomSheet.swift */ = {isa = PBXFileReference; lastKnownFileType = sourcecode.swift; path = GenericBottomSheet.swift; sourceTree = "<group>"; };
		F49946B62CF2070E008A5E83 /* HandleTokensExample.app */ = {isa = PBXFileReference; explicitFileType = wrapper.application; includeInIndex = 0; path = HandleTokensExample.app; sourceTree = BUILT_PRODUCTS_DIR; };
		F49946B92CF2070E008A5E83 /* AppDelegate.swift */ = {isa = PBXFileReference; lastKnownFileType = sourcecode.swift; path = AppDelegate.swift; sourceTree = "<group>"; };
		F49946BB2CF2070E008A5E83 /* SceneDelegate.swift */ = {isa = PBXFileReference; lastKnownFileType = sourcecode.swift; path = SceneDelegate.swift; sourceTree = "<group>"; };
		F49946BD2CF2070E008A5E83 /* ViewController.swift */ = {isa = PBXFileReference; lastKnownFileType = sourcecode.swift; path = ViewController.swift; sourceTree = "<group>"; };
		F49946C02CF2070E008A5E83 /* Base */ = {isa = PBXFileReference; lastKnownFileType = file.storyboard; name = Base; path = Base.lproj/Main.storyboard; sourceTree = "<group>"; };
		F49946C22CF2070F008A5E83 /* Assets.xcassets */ = {isa = PBXFileReference; lastKnownFileType = folder.assetcatalog; path = Assets.xcassets; sourceTree = "<group>"; };
		F49946C52CF2070F008A5E83 /* Base */ = {isa = PBXFileReference; lastKnownFileType = file.storyboard; name = Base; path = Base.lproj/LaunchScreen.storyboard; sourceTree = "<group>"; };
		F49946C72CF2070F008A5E83 /* Info.plist */ = {isa = PBXFileReference; lastKnownFileType = text.plist.xml; path = Info.plist; sourceTree = "<group>"; };
		F49946CD2CF21384008A5E83 /* HomeViewController.swift */ = {isa = PBXFileReference; lastKnownFileType = sourcecode.swift; path = HomeViewController.swift; sourceTree = "<group>"; };
		F49946D12CF219CF008A5E83 /* MainViewModel.swift */ = {isa = PBXFileReference; lastKnownFileType = sourcecode.swift; path = MainViewModel.swift; sourceTree = "<group>"; };
		F49946D42CF21C6B008A5E83 /* NetworkClient.swift */ = {isa = PBXFileReference; lastKnownFileType = sourcecode.swift; path = NetworkClient.swift; sourceTree = "<group>"; };
		F49946D72CF21CBA008A5E83 /* AuthResponse.swift */ = {isa = PBXFileReference; lastKnownFileType = sourcecode.swift; path = AuthResponse.swift; sourceTree = "<group>"; };
		F49946DA2CF38160008A5E83 /* SecureStorage.swift */ = {isa = PBXFileReference; lastKnownFileType = sourcecode.swift; path = SecureStorage.swift; sourceTree = "<group>"; };
		F49946DD2CF381B4008A5E83 /* KeychainManager.swift */ = {isa = PBXFileReference; lastKnownFileType = sourcecode.swift; path = KeychainManager.swift; sourceTree = "<group>"; };
		F49946DF2CF3884A008A5E83 /* ProtectedRouteResponse.swift */ = {isa = PBXFileReference; lastKnownFileType = sourcecode.swift; path = ProtectedRouteResponse.swift; sourceTree = "<group>"; };
		F49946E12CF39AA4008A5E83 /* RefleshTokenResponse.swift */ = {isa = PBXFileReference; lastKnownFileType = sourcecode.swift; path = RefleshTokenResponse.swift; sourceTree = "<group>"; };
		F4BE97342D0DD7620045860F /* DetailsScreenViewController.swift */ = {isa = PBXFileReference; lastKnownFileType = sourcecode.swift; path = DetailsScreenViewController.swift; sourceTree = "<group>"; };
		F4BE97372D0DDEB10045860F /* NotificationCenter+Extensions.swift */ = {isa = PBXFileReference; lastKnownFileType = sourcecode.swift; path = "NotificationCenter+Extensions.swift"; sourceTree = "<group>"; };
/* End PBXFileReference section */

/* Begin PBXFrameworksBuildPhase section */
		F49946B32CF2070E008A5E83 /* Frameworks */ = {
			isa = PBXFrameworksBuildPhase;
			buildActionMask = 2147483647;
			files = (
			);
			runOnlyForDeploymentPostprocessing = 0;
		};
/* End PBXFrameworksBuildPhase section */

/* Begin PBXGroup section */
		F432A5D32D0B3E92007FF308 /* Network */ = {
			isa = PBXGroup;
			children = (
				F432A5D42D0B3EA5007FF308 /* RestManager.swift */,
				F432A5D62D0B4166007FF308 /* Login.swift */,
			);
			path = Network;
			sourceTree = "<group>";
		};
		F49946AD2CF2070E008A5E83 = {
			isa = PBXGroup;
			children = (
				F49946B82CF2070E008A5E83 /* HandleTokensExample */,
				F49946B72CF2070E008A5E83 /* Products */,
			);
			sourceTree = "<group>";
		};
		F49946B72CF2070E008A5E83 /* Products */ = {
			isa = PBXGroup;
			children = (
				F49946B62CF2070E008A5E83 /* HandleTokensExample.app */,
			);
			name = Products;
			sourceTree = "<group>";
		};
		F49946B82CF2070E008A5E83 /* HandleTokensExample */ = {
			isa = PBXGroup;
			children = (
				F4BE97362D0DDE9B0045860F /* Extensions */,
				F4C2DC9E2CF8D0A700B341D1 /* Components */,
				F49946DC2CF38187008A5E83 /* Data */,
				F49946D92CF38149008A5E83 /* Domain */,
				F49946D62CF21CA6008A5E83 /* Models */,
				F49946D32CF21C23008A5E83 /* Network */,
				F49946D02CF219B8008A5E83 /* ViewModels */,
				F49946CF2CF219A8008A5E83 /* ViewControllers */,
				F49946B92CF2070E008A5E83 /* AppDelegate.swift */,
				F49946BB2CF2070E008A5E83 /* SceneDelegate.swift */,
				F49946BF2CF2070E008A5E83 /* Main.storyboard */,
				F49946C22CF2070F008A5E83 /* Assets.xcassets */,
				F49946C42CF2070F008A5E83 /* LaunchScreen.storyboard */,
				F49946C72CF2070F008A5E83 /* Info.plist */,
			);
			path = HandleTokensExample;
			sourceTree = "<group>";
		};
		F49946CF2CF219A8008A5E83 /* ViewControllers */ = {
			isa = PBXGroup;
			children = (
				F49946BD2CF2070E008A5E83 /* ViewController.swift */,
				F49946CD2CF21384008A5E83 /* HomeViewController.swift */,
				F4BE97342D0DD7620045860F /* DetailsScreenViewController.swift */,
			);
			path = ViewControllers;
			sourceTree = "<group>";
		};
		F49946D02CF219B8008A5E83 /* ViewModels */ = {
			isa = PBXGroup;
			children = (
				F49946D12CF219CF008A5E83 /* MainViewModel.swift */,
			);
			path = ViewModels;
			sourceTree = "<group>";
		};
		F49946D32CF21C23008A5E83 /* Network */ = {
			isa = PBXGroup;
			children = (
				F49946D42CF21C6B008A5E83 /* NetworkClient.swift */,
			);
			path = Network;
			sourceTree = "<group>";
		};
		F49946D62CF21CA6008A5E83 /* Models */ = {
			isa = PBXGroup;
			children = (
				F49946D72CF21CBA008A5E83 /* AuthResponse.swift */,
				F49946DF2CF3884A008A5E83 /* ProtectedRouteResponse.swift */,
				F49946E12CF39AA4008A5E83 /* RefleshTokenResponse.swift */,
			);
			path = Models;
			sourceTree = "<group>";
		};
		F49946D92CF38149008A5E83 /* Domain */ = {
			isa = PBXGroup;
			children = (
				F49946DA2CF38160008A5E83 /* SecureStorage.swift */,
			);
			path = Domain;
			sourceTree = "<group>";
		};
		F49946DC2CF38187008A5E83 /* Data */ = {
			isa = PBXGroup;
			children = (
				F432A5D32D0B3E92007FF308 /* Network */,
				F49946DD2CF381B4008A5E83 /* KeychainManager.swift */,
			);
			path = Data;
			sourceTree = "<group>";
		};
		F4BE97362D0DDE9B0045860F /* Extensions */ = {
			isa = PBXGroup;
			children = (
				F4BE97372D0DDEB10045860F /* NotificationCenter+Extensions.swift */,
			);
			path = Extensions;
			sourceTree = "<group>";
		};
		F4C2DC9E2CF8D0A700B341D1 /* Components */ = {
			isa = PBXGroup;
			children = (
				F4334AB72CF9F8EB00D7C755 /* GenericBottomSheet.swift */,
			);
			path = Components;
			sourceTree = "<group>";
		};
/* End PBXGroup section */

/* Begin PBXNativeTarget section */
		F49946B52CF2070E008A5E83 /* HandleTokensExample */ = {
			isa = PBXNativeTarget;
			buildConfigurationList = F49946CA2CF2070F008A5E83 /* Build configuration list for PBXNativeTarget "HandleTokensExample" */;
			buildPhases = (
				F49946B22CF2070E008A5E83 /* Sources */,
				F49946B32CF2070E008A5E83 /* Frameworks */,
				F49946B42CF2070E008A5E83 /* Resources */,
			);
			buildRules = (
			);
			dependencies = (
			);
			name = HandleTokensExample;
			productName = HandleTokensExample;
			productReference = F49946B62CF2070E008A5E83 /* HandleTokensExample.app */;
			productType = "com.apple.product-type.application";
		};
/* End PBXNativeTarget section */

/* Begin PBXProject section */
		F49946AE2CF2070E008A5E83 /* Project object */ = {
			isa = PBXProject;
			attributes = {
				BuildIndependentTargetsInParallel = 1;
				LastSwiftUpdateCheck = 1540;
				LastUpgradeCheck = 1540;
				TargetAttributes = {
					F49946B52CF2070E008A5E83 = {
						CreatedOnToolsVersion = 15.4;
					};
				};
			};
			buildConfigurationList = F49946B12CF2070E008A5E83 /* Build configuration list for PBXProject "HandleTokensExample" */;
			compatibilityVersion = "Xcode 14.0";
			developmentRegion = en;
			hasScannedForEncodings = 0;
			knownRegions = (
				en,
				Base,
			);
			mainGroup = F49946AD2CF2070E008A5E83;
			productRefGroup = F49946B72CF2070E008A5E83 /* Products */;
			projectDirPath = "";
			projectRoot = "";
			targets = (
				F49946B52CF2070E008A5E83 /* HandleTokensExample */,
			);
		};
/* End PBXProject section */

/* Begin PBXResourcesBuildPhase section */
		F49946B42CF2070E008A5E83 /* Resources */ = {
			isa = PBXResourcesBuildPhase;
			buildActionMask = 2147483647;
			files = (
				F49946C32CF2070F008A5E83 /* Assets.xcassets in Resources */,
				F49946C62CF2070F008A5E83 /* Base in Resources */,
				F49946C12CF2070E008A5E83 /* Base in Resources */,
			);
			runOnlyForDeploymentPostprocessing = 0;
		};
/* End PBXResourcesBuildPhase section */

/* Begin PBXSourcesBuildPhase section */
		F49946B22CF2070E008A5E83 /* Sources */ = {
			isa = PBXSourcesBuildPhase;
			buildActionMask = 2147483647;
			files = (
				F49946D22CF219CF008A5E83 /* MainViewModel.swift in Sources */,
				F49946E22CF39AA4008A5E83 /* RefleshTokenResponse.swift in Sources */,
				F49946E02CF3884A008A5E83 /* ProtectedRouteResponse.swift in Sources */,
				F49946BE2CF2070E008A5E83 /* ViewController.swift in Sources */,
				F49946DB2CF38160008A5E83 /* SecureStorage.swift in Sources */,
				F49946BA2CF2070E008A5E83 /* AppDelegate.swift in Sources */,
				F49946DE2CF381B4008A5E83 /* KeychainManager.swift in Sources */,
				F432A5D72D0B4166007FF308 /* Login.swift in Sources */,
				F49946BC2CF2070E008A5E83 /* SceneDelegate.swift in Sources */,
				F4BE97382D0DDEB10045860F /* NotificationCenter+Extensions.swift in Sources */,
				F49946D82CF21CBA008A5E83 /* AuthResponse.swift in Sources */,
				F49946CE2CF21384008A5E83 /* HomeViewController.swift in Sources */,
				F4334AB82CF9F8EB00D7C755 /* GenericBottomSheet.swift in Sources */,
				F4BE97352D0DD7620045860F /* DetailsScreenViewController.swift in Sources */,
				F432A5D52D0B3EA5007FF308 /* RestManager.swift in Sources */,
				F49946D52CF21C6C008A5E83 /* NetworkClient.swift in Sources */,
			);
			runOnlyForDeploymentPostprocessing = 0;
		};
/* End PBXSourcesBuildPhase section */

/* Begin PBXVariantGroup section */
		F49946BF2CF2070E008A5E83 /* Main.storyboard */ = {
			isa = PBXVariantGroup;
			children = (
				F49946C02CF2070E008A5E83 /* Base */,
			);
			name = Main.storyboard;
			sourceTree = "<group>";
		};
		F49946C42CF2070F008A5E83 /* LaunchScreen.storyboard */ = {
			isa = PBXVariantGroup;
			children = (
				F49946C52CF2070F008A5E83 /* Base */,
			);
			name = LaunchScreen.storyboard;
			sourceTree = "<group>";
		};
/* End PBXVariantGroup section */

/* Begin XCBuildConfiguration section */
		F49946C82CF2070F008A5E83 /* Debug */ = {
			isa = XCBuildConfiguration;
			buildSettings = {
				ALWAYS_SEARCH_USER_PATHS = NO;
				ASSETCATALOG_COMPILER_GENERATE_SWIFT_ASSET_SYMBOL_EXTENSIONS = YES;
				CLANG_ANALYZER_NONNULL = YES;
				CLANG_ANALYZER_NUMBER_OBJECT_CONVERSION = YES_AGGRESSIVE;
				CLANG_CXX_LANGUAGE_STANDARD = "gnu++20";
				CLANG_ENABLE_MODULES = YES;
				CLANG_ENABLE_OBJC_ARC = YES;
				CLANG_ENABLE_OBJC_WEAK = YES;
				CLANG_WARN_BLOCK_CAPTURE_AUTORELEASING = YES;
				CLANG_WARN_BOOL_CONVERSION = YES;
				CLANG_WARN_COMMA = YES;
				CLANG_WARN_CONSTANT_CONVERSION = YES;
				CLANG_WARN_DEPRECATED_OBJC_IMPLEMENTATIONS = YES;
				CLANG_WARN_DIRECT_OBJC_ISA_USAGE = YES_ERROR;
				CLANG_WARN_DOCUMENTATION_COMMENTS = YES;
				CLANG_WARN_EMPTY_BODY = YES;
				CLANG_WARN_ENUM_CONVERSION = YES;
				CLANG_WARN_INFINITE_RECURSION = YES;
				CLANG_WARN_INT_CONVERSION = YES;
				CLANG_WARN_NON_LITERAL_NULL_CONVERSION = YES;
				CLANG_WARN_OBJC_IMPLICIT_RETAIN_SELF = YES;
				CLANG_WARN_OBJC_LITERAL_CONVERSION = YES;
				CLANG_WARN_OBJC_ROOT_CLASS = YES_ERROR;
				CLANG_WARN_QUOTED_INCLUDE_IN_FRAMEWORK_HEADER = YES;
				CLANG_WARN_RANGE_LOOP_ANALYSIS = YES;
				CLANG_WARN_STRICT_PROTOTYPES = YES;
				CLANG_WARN_SUSPICIOUS_MOVE = YES;
				CLANG_WARN_UNGUARDED_AVAILABILITY = YES_AGGRESSIVE;
				CLANG_WARN_UNREACHABLE_CODE = YES;
				CLANG_WARN__DUPLICATE_METHOD_MATCH = YES;
				COPY_PHASE_STRIP = NO;
				DEBUG_INFORMATION_FORMAT = dwarf;
				ENABLE_STRICT_OBJC_MSGSEND = YES;
				ENABLE_TESTABILITY = YES;
				ENABLE_USER_SCRIPT_SANDBOXING = YES;
				GCC_C_LANGUAGE_STANDARD = gnu17;
				GCC_DYNAMIC_NO_PIC = NO;
				GCC_NO_COMMON_BLOCKS = YES;
				GCC_OPTIMIZATION_LEVEL = 0;
				GCC_PREPROCESSOR_DEFINITIONS = (
					"DEBUG=1",
					"$(inherited)",
				);
				GCC_WARN_64_TO_32_BIT_CONVERSION = YES;
				GCC_WARN_ABOUT_RETURN_TYPE = YES_ERROR;
				GCC_WARN_UNDECLARED_SELECTOR = YES;
				GCC_WARN_UNINITIALIZED_AUTOS = YES_AGGRESSIVE;
				GCC_WARN_UNUSED_FUNCTION = YES;
				GCC_WARN_UNUSED_VARIABLE = YES;
				IPHONEOS_DEPLOYMENT_TARGET = 17.5;
				LOCALIZATION_PREFERS_STRING_CATALOGS = YES;
				MTL_ENABLE_DEBUG_INFO = INCLUDE_SOURCE;
				MTL_FAST_MATH = YES;
				ONLY_ACTIVE_ARCH = YES;
				SDKROOT = iphoneos;
				SWIFT_ACTIVE_COMPILATION_CONDITIONS = "DEBUG $(inherited)";
				SWIFT_OPTIMIZATION_LEVEL = "-Onone";
			};
			name = Debug;
		};
		F49946C92CF2070F008A5E83 /* Release */ = {
			isa = XCBuildConfiguration;
			buildSettings = {
				ALWAYS_SEARCH_USER_PATHS = NO;
				ASSETCATALOG_COMPILER_GENERATE_SWIFT_ASSET_SYMBOL_EXTENSIONS = YES;
				CLANG_ANALYZER_NONNULL = YES;
				CLANG_ANALYZER_NUMBER_OBJECT_CONVERSION = YES_AGGRESSIVE;
				CLANG_CXX_LANGUAGE_STANDARD = "gnu++20";
				CLANG_ENABLE_MODULES = YES;
				CLANG_ENABLE_OBJC_ARC = YES;
				CLANG_ENABLE_OBJC_WEAK = YES;
				CLANG_WARN_BLOCK_CAPTURE_AUTORELEASING = YES;
				CLANG_WARN_BOOL_CONVERSION = YES;
				CLANG_WARN_COMMA = YES;
				CLANG_WARN_CONSTANT_CONVERSION = YES;
				CLANG_WARN_DEPRECATED_OBJC_IMPLEMENTATIONS = YES;
				CLANG_WARN_DIRECT_OBJC_ISA_USAGE = YES_ERROR;
				CLANG_WARN_DOCUMENTATION_COMMENTS = YES;
				CLANG_WARN_EMPTY_BODY = YES;
				CLANG_WARN_ENUM_CONVERSION = YES;
				CLANG_WARN_INFINITE_RECURSION = YES;
				CLANG_WARN_INT_CONVERSION = YES;
				CLANG_WARN_NON_LITERAL_NULL_CONVERSION = YES;
				CLANG_WARN_OBJC_IMPLICIT_RETAIN_SELF = YES;
				CLANG_WARN_OBJC_LITERAL_CONVERSION = YES;
				CLANG_WARN_OBJC_ROOT_CLASS = YES_ERROR;
				CLANG_WARN_QUOTED_INCLUDE_IN_FRAMEWORK_HEADER = YES;
				CLANG_WARN_RANGE_LOOP_ANALYSIS = YES;
				CLANG_WARN_STRICT_PROTOTYPES = YES;
				CLANG_WARN_SUSPICIOUS_MOVE = YES;
				CLANG_WARN_UNGUARDED_AVAILABILITY = YES_AGGRESSIVE;
				CLANG_WARN_UNREACHABLE_CODE = YES;
				CLANG_WARN__DUPLICATE_METHOD_MATCH = YES;
				COPY_PHASE_STRIP = NO;
				DEBUG_INFORMATION_FORMAT = "dwarf-with-dsym";
				ENABLE_NS_ASSERTIONS = NO;
				ENABLE_STRICT_OBJC_MSGSEND = YES;
				ENABLE_USER_SCRIPT_SANDBOXING = YES;
				GCC_C_LANGUAGE_STANDARD = gnu17;
				GCC_NO_COMMON_BLOCKS = YES;
				GCC_WARN_64_TO_32_BIT_CONVERSION = YES;
				GCC_WARN_ABOUT_RETURN_TYPE = YES_ERROR;
				GCC_WARN_UNDECLARED_SELECTOR = YES;
				GCC_WARN_UNINITIALIZED_AUTOS = YES_AGGRESSIVE;
				GCC_WARN_UNUSED_FUNCTION = YES;
				GCC_WARN_UNUSED_VARIABLE = YES;
				IPHONEOS_DEPLOYMENT_TARGET = 17.5;
				LOCALIZATION_PREFERS_STRING_CATALOGS = YES;
				MTL_ENABLE_DEBUG_INFO = NO;
				MTL_FAST_MATH = YES;
				SDKROOT = iphoneos;
				SWIFT_COMPILATION_MODE = wholemodule;
				VALIDATE_PRODUCT = YES;
			};
			name = Release;
		};
		F49946CB2CF2070F008A5E83 /* Debug */ = {
			isa = XCBuildConfiguration;
			buildSettings = {
				ASSETCATALOG_COMPILER_APPICON_NAME = AppIcon;
				ASSETCATALOG_COMPILER_GLOBAL_ACCENT_COLOR_NAME = AccentColor;
				CODE_SIGN_STYLE = Automatic;
				CURRENT_PROJECT_VERSION = 1;
				DEVELOPMENT_TEAM = 6NZ5C3QSQR;
				GENERATE_INFOPLIST_FILE = YES;
				INFOPLIST_FILE = HandleTokensExample/Info.plist;
				INFOPLIST_KEY_UIApplicationSupportsIndirectInputEvents = YES;
				INFOPLIST_KEY_UILaunchStoryboardName = LaunchScreen;
				INFOPLIST_KEY_UIMainStoryboardFile = Main;
				INFOPLIST_KEY_UISupportedInterfaceOrientations_iPad = "UIInterfaceOrientationPortrait UIInterfaceOrientationPortraitUpsideDown UIInterfaceOrientationLandscapeLeft UIInterfaceOrientationLandscapeRight";
				INFOPLIST_KEY_UISupportedInterfaceOrientations_iPhone = "UIInterfaceOrientationPortrait UIInterfaceOrientationLandscapeLeft UIInterfaceOrientationLandscapeRight";
				LD_RUNPATH_SEARCH_PATHS = (
					"$(inherited)",
					"@executable_path/Frameworks",
				);
				MARKETING_VERSION = 1.0;
				PRODUCT_BUNDLE_IDENTIFIER = julio.HandleTokensExample;
				PRODUCT_NAME = "$(TARGET_NAME)";
				SWIFT_EMIT_LOC_STRINGS = YES;
				SWIFT_VERSION = 5.0;
				TARGETED_DEVICE_FAMILY = "1,2";
			};
			name = Debug;
		};
		F49946CC2CF2070F008A5E83 /* Release */ = {
			isa = XCBuildConfiguration;
			buildSettings = {
				ASSETCATALOG_COMPILER_APPICON_NAME = AppIcon;
				ASSETCATALOG_COMPILER_GLOBAL_ACCENT_COLOR_NAME = AccentColor;
				CODE_SIGN_STYLE = Automatic;
				CURRENT_PROJECT_VERSION = 1;
				DEVELOPMENT_TEAM = 6NZ5C3QSQR;
				GENERATE_INFOPLIST_FILE = YES;
				INFOPLIST_FILE = HandleTokensExample/Info.plist;
				INFOPLIST_KEY_UIApplicationSupportsIndirectInputEvents = YES;
				INFOPLIST_KEY_UILaunchStoryboardName = LaunchScreen;
				INFOPLIST_KEY_UIMainStoryboardFile = Main;
				INFOPLIST_KEY_UISupportedInterfaceOrientations_iPad = "UIInterfaceOrientationPortrait UIInterfaceOrientationPortraitUpsideDown UIInterfaceOrientationLandscapeLeft UIInterfaceOrientationLandscapeRight";
				INFOPLIST_KEY_UISupportedInterfaceOrientations_iPhone = "UIInterfaceOrientationPortrait UIInterfaceOrientationLandscapeLeft UIInterfaceOrientationLandscapeRight";
				LD_RUNPATH_SEARCH_PATHS = (
					"$(inherited)",
					"@executable_path/Frameworks",
				);
				MARKETING_VERSION = 1.0;
				PRODUCT_BUNDLE_IDENTIFIER = julio.HandleTokensExample;
				PRODUCT_NAME = "$(TARGET_NAME)";
				SWIFT_EMIT_LOC_STRINGS = YES;
				SWIFT_VERSION = 5.0;
				TARGETED_DEVICE_FAMILY = "1,2";
			};
			name = Release;
		};
/* End XCBuildConfiguration section */

/* Begin XCConfigurationList section */
		F49946B12CF2070E008A5E83 /* Build configuration list for PBXProject "HandleTokensExample" */ = {
			isa = XCConfigurationList;
			buildConfigurations = (
				F49946C82CF2070F008A5E83 /* Debug */,
				F49946C92CF2070F008A5E83 /* Release */,
			);
			defaultConfigurationIsVisible = 0;
			defaultConfigurationName = Release;
		};
		F49946CA2CF2070F008A5E83 /* Build configuration list for PBXNativeTarget "HandleTokensExample" */ = {
			isa = XCConfigurationList;
			buildConfigurations = (
				F49946CB2CF2070F008A5E83 /* Debug */,
				F49946CC2CF2070F008A5E83 /* Release */,
			);
			defaultConfigurationIsVisible = 0;
			defaultConfigurationName = Release;
		};
/* End XCConfigurationList section */
	};
	rootObject = F49946AE2CF2070E008A5E83 /* Project object */;
}
